schema: '2.0'
stages:
  generate_data:
    cmd: python3 -m model.train.synth_data
    deps:
    - path: utils.py
      hash: md5
      md5: 7c6bf91934a697d604fd040c3c12d0e6
      size: 2895
    params:
      model/params.yaml:
        synth_data:
          labeling:
            peak_area: 3
            max_area: 3
          peak_types:
            large:
              scale:
                val: 6
                var: 16
              const:
                val: 0.9
                var: 0.2
              gl_const:
                val: 0.6
                var: 0.3
              background_const:
                val: 0
                var: 0.003
            medium:
              scale:
                val: 14
                var: 12
              const:
                val: 0.4
                var: 0.3
              gl_const:
                val: 0.6
                var: 0.3
              background_const:
                val: 0
                var: 0.001
            impurity:
              scale:
                val: 14
                var: 12
              const:
                val: 0.05
                var: 0.2
              gl_const:
                val: 0.6
                var: 0.3
              background_const:
                val: 0
                var: 0
            satellite:
              scale:
                val: 3
                var: 3
              const:
                val: 0.005
                var: 0.015
              gl_const:
                val: 1
                var: 0
              background_const:
                val: 0
                var: 0
          spectrum_params:
            len: 256
            noise:
              val: 0.0009
              size: 120
              var: 100
            shakeup: 2e-05
            n_of_peaks:
              large: 1-2
              medium: 0-2
              impurity: 0-2
              satellite: 0-2
          dataset_size: 10000
    outs:
    - path: model/train/data/dataset
      hash: md5
      md5: 53076df07c940b50589b9587062e704d.dir
      size: 48364123
      nfiles: 10000
  train:
    cmd: python3 -m model.train.train
    deps:
    - path: model/train/metrics.py
      hash: md5
      md5: 92daf67645d72244641eaf58b83083d0
      size: 2804
    params:
      model/params.yaml:
        data_path: model/train/data/dataset
        seed: 42
        train:
          num_epoch: 200
          batch_size: 500
          learning_rate: 0.0005
          train_test_split: 0.8
    outs:
    - path: model/train/trained_models/model_v1.pth
      hash: md5
      md5: 9e7f32d10131bd744a9163a59e100685
      size: 873618
